
Microsoft Visual Studio Solution File, Format Version 12.00
# Visual Studio Version 16
VisualStudioVersion = 16.0.31515.178
MinimumVisualStudioVersion = 10.0.40219.1
Project("{FAE04EC0-301F-11D3-BF4B-00C04F79EFBC}") = "WPFUI", "WPFUI\WPFUI.csproj", "{2631D217-93CA-4E3D-9A79-4EDF4C867CB7}"
EndProject
Project("{FAE04EC0-301F-11D3-BF4B-00C04F79EFBC}") = "Engine", "Engine\Engine.csproj", "{A0CF64E4-8CAE-48C2-98B4-2DB68EED62C7}"
EndProject
Global
	GlobalSection(SolutionConfigurationPlatforms) = preSolution
		Debug|Any CPU = Debug|Any CPU
		Release|Any CPU = Release|Any CPU
	EndGlobalSection
	GlobalSection(ProjectConfigurationPlatforms) = postSolution
		{2631D217-93CA-4E3D-9A79-4EDF4C867CB7}.Debug|Any CPU.ActiveCfg = Debug|Any CPU
		{2631D217-93CA-4E3D-9A79-4EDF4C867CB7}.Debug|Any CPU.Build.0 = Debug|Any CPU
		{2631D217-93CA-4E3D-9A79-4EDF4C867CB7}.Release|Any CPU.ActiveCfg = Release|Any CPU
		{2631D217-93CA-4E3D-9A79-4EDF4C867CB7}.Release|Any CPU.Build.0 = Release|Any CPU
		{A0CF64E4-8CAE-48C2-98B4-2DB68EED62C7}.Debug|Any CPU.ActiveCfg = Debug|Any CPU
		{A0CF64E4-8CAE-48C2-98B4-2DB68EED62C7}.Debug|Any CPU.Build.0 = Debug|Any CPU
		{A0CF64E4-8CAE-48C2-98B4-2DB68EED62C7}.Release|Any CPU.ActiveCfg = Release|Any CPU
		{A0CF64E4-8CAE-48C2-98B4-2DB68EED62C7}.Release|Any CPU.Build.0 = Release|Any CPU
	EndGlobalSection
	GlobalSection(SolutionProperties) = preSolution
		HideSolutionNode = FALSE
	EndGlobalSection
	GlobalSection(ExtensibilityGlobals) = postSolution
		SolutionGuid = {875FA7B7-6463-432D-9057-47867736172B}
	EndGlobalSection
EndGlobal
